
Microsoft Visual Studio Solution File, Format Version 12.00
# Visual Studio Version 17
VisualStudioVersion = 17.8.34309.116
MinimumVisualStudioVersion = 10.0.40219.1
Project("{2150E333-8FDC-42A3-9474-1A3956D46DE8}") = "Solution Items", "Solution Items", "{0C3CB66B-1D36-4484-A98C-01B7B66D22FA}"
EndProject
Project("{9A19103F-16F7-4668-BE54-9A1E7A4F7556}") = "Automation.Base", "Automation.Base\Automation.Base.csproj", "{47A97B1E-4322-4FAE-A40F-C1DC1C697282}"
EndProject
Project("{9A19103F-16F7-4668-BE54-9A1E7A4F7556}") = "Automation.Tests", "Automation.Tests\Automation.Tests.csproj", "{AE28515F-6510-4861-85A0-7815DA1CA901}"
EndProject
Global
	GlobalSection(SolutionConfigurationPlatforms) = preSolution
		Debug|Any CPU = Debug|Any CPU
		Release|Any CPU = Release|Any CPU
	EndGlobalSection
	GlobalSection(ProjectConfigurationPlatforms) = postSolution
		{47A97B1E-4322-4FAE-A40F-C1DC1C697282}.Debug|Any CPU.ActiveCfg = Debug|Any CPU
		{47A97B1E-4322-4FAE-A40F-C1DC1C697282}.Debug|Any CPU.Build.0 = Debug|Any CPU
		{47A97B1E-4322-4FAE-A40F-C1DC1C697282}.Release|Any CPU.ActiveCfg = Release|Any CPU
		{47A97B1E-4322-4FAE-A40F-C1DC1C697282}.Release|Any CPU.Build.0 = Release|Any CPU
		{AE28515F-6510-4861-85A0-7815DA1CA901}.Debug|Any CPU.ActiveCfg = Debug|Any CPU
		{AE28515F-6510-4861-85A0-7815DA1CA901}.Debug|Any CPU.Build.0 = Debug|Any CPU
		{AE28515F-6510-4861-85A0-7815DA1CA901}.Release|Any CPU.ActiveCfg = Release|Any CPU
		{AE28515F-6510-4861-85A0-7815DA1CA901}.Release|Any CPU.Build.0 = Release|Any CPU
	EndGlobalSection
	GlobalSection(SolutionProperties) = preSolution
		HideSolutionNode = FALSE
	EndGlobalSection
	GlobalSection(ExtensibilityGlobals) = postSolution
		SolutionGuid = {9B90C50E-73FA-4FC5-85C4-37FF408B624F}
	EndGlobalSection
EndGlobal
